// !$*UTF8*$!
{
	archiveVersion = 1;
	classes = {
	};
	objectVersion = 46;
	objects = {

/* Begin PBXBuildFile section */
		8C10287A1C1EE2120010A8FA /* dot_red.png in Resources */ = {isa = PBXBuildFile; fileRef = 8C1028791C1EE2120010A8FA /* dot_red.png */; };
		8C16136A1C1ED71500C9E0AE /* bloodSuger_temp_red.png in Resources */ = {isa = PBXBuildFile; fileRef = 8C1613691C1ED71500C9E0AE /* bloodSuger_temp_red.png */; };
		8CE04F9A1C043C5100B90926 /* main.m in Sources */ = {isa = PBXBuildFile; fileRef = 8CE04F991C043C5100B90926 /* main.m */; };
		8CE04F9D1C043C5100B90926 /* AppDelegate.m in Sources */ = {isa = PBXBuildFile; fileRef = 8CE04F9C1C043C5100B90926 /* AppDelegate.m */; };
		8CE04FA01C043C5100B90926 /* ViewController.m in Sources */ = {isa = PBXBuildFile; fileRef = 8CE04F9F1C043C5100B90926 /* ViewController.m */; };
		8CE04FA31C043C5100B90926 /* Main.storyboard in Resources */ = {isa = PBXBuildFile; fileRef = 8CE04FA11C043C5100B90926 /* Main.storyboard */; };
		8CE04FA51C043C5100B90926 /* Assets.xcassets in Resources */ = {isa = PBXBuildFile; fileRef = 8CE04FA41C043C5100B90926 /* Assets.xcassets */; };
		8CE04FA81C043C5100B90926 /* LaunchScreen.storyboard in Resources */ = {isa = PBXBuildFile; fileRef = 8CE04FA61C043C5100B90926 /* LaunchScreen.storyboard */; };
		8CE04FB31C043C5100B90926 /* scaleTests.m in Sources */ = {isa = PBXBuildFile; fileRef = 8CE04FB21C043C5100B90926 /* scaleTests.m */; };
		8CE04FBE1C043C5100B90926 /* scaleUITests.m in Sources */ = {isa = PBXBuildFile; fileRef = 8CE04FBD1C043C5100B90926 /* scaleUITests.m */; };
		8CE04FCC1C04417000B90926 /* Curve_valueBg.png in Resources */ = {isa = PBXBuildFile; fileRef = 8CE04FCB1C04417000B90926 /* Curve_valueBg.png */; };
		FC581D08CB3224B67A4BED91 /* libPods.a in Frameworks */ = {isa = PBXBuildFile; fileRef = 5AEC6F653D6918011369DD11 /* libPods.a */; };
/* End PBXBuildFile section */

/* Begin PBXContainerItemProxy section */
		8CE04FAF1C043C5100B90926 /* PBXContainerItemProxy */ = {
			isa = PBXContainerItemProxy;
			containerPortal = 8CE04F8D1C043C5100B90926 /* Project object */;
			proxyType = 1;
			remoteGlobalIDString = 8CE04F941C043C5100B90926;
			remoteInfo = scale;
		};
		8CE04FBA1C043C5100B90926 /* PBXContainerItemProxy */ = {
			isa = PBXContainerItemProxy;
			containerPortal = 8CE04F8D1C043C5100B90926 /* Project object */;
			proxyType = 1;
			remoteGlobalIDString = 8CE04F941C043C5100B90926;
			remoteInfo = scale;
		};
/* End PBXContainerItemProxy section */

/* Begin PBXFileReference section */
		06B51662C8A1CC91CC529CD1 /* Pods.release.xcconfig */ = {isa = PBXFileReference; includeInIndex = 1; lastKnownFileType = text.xcconfig; name = Pods.release.xcconfig; path = "Pods/Target Support Files/Pods/Pods.release.xcconfig"; sourceTree = "<group>"; };
		5AEC6F653D6918011369DD11 /* libPods.a */ = {isa = PBXFileReference; explicitFileType = archive.ar; includeInIndex = 0; path = libPods.a; sourceTree = BUILT_PRODUCTS_DIR; };
		8C1028791C1EE2120010A8FA /* dot_red.png */ = {isa = PBXFileReference; lastKnownFileType = image.png; path = dot_red.png; sourceTree = "<group>"; };
		8C1613691C1ED71500C9E0AE /* bloodSuger_temp_red.png */ = {isa = PBXFileReference; lastKnownFileType = image.png; path = bloodSuger_temp_red.png; sourceTree = "<group>"; };
		8CE04F951C043C5100B90926 /* scale.app */ = {isa = PBXFileReference; explicitFileType = wrapper.application; includeInIndex = 0; path = scale.app; sourceTree = BUILT_PRODUCTS_DIR; };
		8CE04F991C043C5100B90926 /* main.m */ = {isa = PBXFileReference; lastKnownFileType = sourcecode.c.objc; path = main.m; sourceTree = "<group>"; };
		8CE04F9B1C043C5100B90926 /* AppDelegate.h */ = {isa = PBXFileReference; lastKnownFileType = sourcecode.c.h; path = AppDelegate.h; sourceTree = "<group>"; };
		8CE04F9C1C043C5100B90926 /* AppDelegate.m */ = {isa = PBXFileReference; lastKnownFileType = sourcecode.c.objc; path = AppDelegate.m; sourceTree = "<group>"; };
		8CE04F9E1C043C5100B90926 /* ViewController.h */ = {isa = PBXFileReference; lastKnownFileType = sourcecode.c.h; path = ViewController.h; sourceTree = "<group>"; };
		8CE04F9F1C043C5100B90926 /* ViewController.m */ = {isa = PBXFileReference; lastKnownFileType = sourcecode.c.objc; path = ViewController.m; sourceTree = "<group>"; };
		8CE04FA21C043C5100B90926 /* Base */ = {isa = PBXFileReference; lastKnownFileType = file.storyboard; name = Base; path = Base.lproj/Main.storyboard; sourceTree = "<group>"; };
		8CE04FA41C043C5100B90926 /* Assets.xcassets */ = {isa = PBXFileReference; lastKnownFileType = folder.assetcatalog; path = Assets.xcassets; sourceTree = "<group>"; };
		8CE04FA71C043C5100B90926 /* Base */ = {isa = PBXFileReference; lastKnownFileType = file.storyboard; name = Base; path = Base.lproj/LaunchScreen.storyboard; sourceTree = "<group>"; };
		8CE04FA91C043C5100B90926 /* Info.plist */ = {isa = PBXFileReference; lastKnownFileType = text.plist.xml; path = Info.plist; sourceTree = "<group>"; };
		8CE04FAE1C043C5100B90926 /* scaleTests.xctest */ = {isa = PBXFileReference; explicitFileType = wrapper.cfbundle; includeInIndex = 0; path = scaleTests.xctest; sourceTree = BUILT_PRODUCTS_DIR; };
		8CE04FB21C043C5100B90926 /* scaleTests.m */ = {isa = PBXFileReference; lastKnownFileType = sourcecode.c.objc; path = scaleTests.m; sourceTree = "<group>"; };
		8CE04FB41C043C5100B90926 /* Info.plist */ = {isa = PBXFileReference; lastKnownFileType = text.plist.xml; path = Info.plist; sourceTree = "<group>"; };
		8CE04FB91C043C5100B90926 /* scaleUITests.xctest */ = {isa = PBXFileReference; explicitFileType = wrapper.cfbundle; includeInIndex = 0; path = scaleUITests.xctest; sourceTree = BUILT_PRODUCTS_DIR; };
		8CE04FBD1C043C5100B90926 /* scaleUITests.m */ = {isa = PBXFileReference; lastKnownFileType = sourcecode.c.objc; path = scaleUITests.m; sourceTree = "<group>"; };
		8CE04FBF1C043C5100B90926 /* Info.plist */ = {isa = PBXFileReference; lastKnownFileType = text.plist.xml; path = Info.plist; sourceTree = "<group>"; };
		8CE04FCB1C04417000B90926 /* Curve_valueBg.png */ = {isa = PBXFileReference; lastKnownFileType = image.png; path = Curve_valueBg.png; sourceTree = "<group>"; };
		A29954479A4BB55C46554A74 /* Pods.debug.xcconfig */ = {isa = PBXFileReference; includeInIndex = 1; lastKnownFileType = text.xcconfig; name = Pods.debug.xcconfig; path = "Pods/Target Support Files/Pods/Pods.debug.xcconfig"; sourceTree = "<group>"; };
/* End PBXFileReference section */

/* Begin PBXFrameworksBuildPhase section */
		8CE04F921C043C5100B90926 /* Frameworks */ = {
			isa = PBXFrameworksBuildPhase;
			buildActionMask = 2147483647;
			files = (
				FC581D08CB3224B67A4BED91 /* libPods.a in Frameworks */,
			);
			runOnlyForDeploymentPostprocessing = 0;
		};
		8CE04FAB1C043C5100B90926 /* Frameworks */ = {
			isa = PBXFrameworksBuildPhase;
			buildActionMask = 2147483647;
			files = (
			);
			runOnlyForDeploymentPostprocessing = 0;
		};
		8CE04FB61C043C5100B90926 /* Frameworks */ = {
			isa = PBXFrameworksBuildPhase;
			buildActionMask = 2147483647;
			files = (
			);
			runOnlyForDeploymentPostprocessing = 0;
		};
/* End PBXFrameworksBuildPhase section */

/* Begin PBXGroup section */
		8CE04F8C1C043C5100B90926 = {
			isa = PBXGroup;
			children = (
				8CE04F971C043C5100B90926 /* scale */,
				8CE04FB11C043C5100B90926 /* scaleTests */,
				8CE04FBC1C043C5100B90926 /* scaleUITests */,
				8CE04F961C043C5100B90926 /* Products */,
				BAAC74716EDC937271890F3B /* Pods */,
				D7377A38F9FDC652200264BD /* Frameworks */,
			);
			sourceTree = "<group>";
		};
		8CE04F961C043C5100B90926 /* Products */ = {
			isa = PBXGroup;
			children = (
				8CE04F951C043C5100B90926 /* scale.app */,
				8CE04FAE1C043C5100B90926 /* scaleTests.xctest */,
				8CE04FB91C043C5100B90926 /* scaleUITests.xctest */,
			);
			name = Products;
			sourceTree = "<group>";
		};
		8CE04F971C043C5100B90926 /* scale */ = {
			isa = PBXGroup;
			children = (
				8CE04F9B1C043C5100B90926 /* AppDelegate.h */,
				8CE04F9C1C043C5100B90926 /* AppDelegate.m */,
				8CE04F9E1C043C5100B90926 /* ViewController.h */,
				8CE04F9F1C043C5100B90926 /* ViewController.m */,
				8CE04FA11C043C5100B90926 /* Main.storyboard */,
				8CE04F981C043C5100B90926 /* Supporting Files */,
			);
			path = scale;
			sourceTree = "<group>";
		};
		8CE04F981C043C5100B90926 /* Supporting Files */ = {
			isa = PBXGroup;
			children = (
				8C1028791C1EE2120010A8FA /* dot_red.png */,
				8CE04FCB1C04417000B90926 /* Curve_valueBg.png */,
				8CE04FA41C043C5100B90926 /* Assets.xcassets */,
				8C1613691C1ED71500C9E0AE /* bloodSuger_temp_red.png */,
				8CE04FA61C043C5100B90926 /* LaunchScreen.storyboard */,
				8CE04FA91C043C5100B90926 /* Info.plist */,
				8CE04F991C043C5100B90926 /* main.m */,
			);
			name = "Supporting Files";
			sourceTree = "<group>";
		};
		8CE04FB11C043C5100B90926 /* scaleTests */ = {
			isa = PBXGroup;
			children = (
				8CE04FB21C043C5100B90926 /* scaleTests.m */,
				8CE04FB41C043C5100B90926 /* Info.plist */,
			);
			path = scaleTests;
			sourceTree = "<group>";
		};
		8CE04FBC1C043C5100B90926 /* scaleUITests */ = {
			isa = PBXGroup;
			children = (
				8CE04FBD1C043C5100B90926 /* scaleUITests.m */,
				8CE04FBF1C043C5100B90926 /* Info.plist */,
			);
			path = scaleUITests;
			sourceTree = "<group>";
		};
		BAAC74716EDC937271890F3B /* Pods */ = {
			isa = PBXGroup;
			children = (
				A29954479A4BB55C46554A74 /* Pods.debug.xcconfig */,
				06B51662C8A1CC91CC529CD1 /* Pods.release.xcconfig */,
			);
			name = Pods;
			sourceTree = "<group>";
		};
		D7377A38F9FDC652200264BD /* Frameworks */ = {
			isa = PBXGroup;
			children = (
				5AEC6F653D6918011369DD11 /* libPods.a */,
			);
			name = Frameworks;
			sourceTree = "<group>";
		};
/* End PBXGroup section */

/* Begin PBXNativeTarget section */
		8CE04F941C043C5100B90926 /* scale */ = {
			isa = PBXNativeTarget;
			buildConfigurationList = 8CE04FC21C043C5100B90926 /* Build configuration list for PBXNativeTarget "scale" */;
			buildPhases = (
				7372EE887F9A09ABAC590BEC /* Check Pods Manifest.lock */,
				8CE04F911C043C5100B90926 /* Sources */,
				8CE04F921C043C5100B90926 /* Frameworks */,
				8CE04F931C043C5100B90926 /* Resources */,
				3555C63A154A134C8A96CE32 /* Embed Pods Frameworks */,
				B033BB95A08A77AB9B109635 /* Copy Pods Resources */,
			);
			buildRules = (
			);
			dependencies = (
			);
			name = scale;
			productName = scale;
			productReference = 8CE04F951C043C5100B90926 /* scale.app */;
			productType = "com.apple.product-type.application";
		};
		8CE04FAD1C043C5100B90926 /* scaleTests */ = {
			isa = PBXNativeTarget;
			buildConfigurationList = 8CE04FC51C043C5100B90926 /* Build configuration list for PBXNativeTarget "scaleTests" */;
			buildPhases = (
				8CE04FAA1C043C5100B90926 /* Sources */,
				8CE04FAB1C043C5100B90926 /* Frameworks */,
				8CE04FAC1C043C5100B90926 /* Resources */,
			);
			buildRules = (
			);
			dependencies = (
				8CE04FB01C043C5100B90926 /* PBXTargetDependency */,
			);
			name = scaleTests;
			productName = scaleTests;
			productReference = 8CE04FAE1C043C5100B90926 /* scaleTests.xctest */;
			productType = "com.apple.product-type.bundle.unit-test";
		};
		8CE04FB81C043C5100B90926 /* scaleUITests */ = {
			isa = PBXNativeTarget;
			buildConfigurationList = 8CE04FC81C043C5100B90926 /* Build configuration list for PBXNativeTarget "scaleUITests" */;
			buildPhases = (
				8CE04FB51C043C5100B90926 /* Sources */,
				8CE04FB61C043C5100B90926 /* Frameworks */,
				8CE04FB71C043C5100B90926 /* Resources */,
			);
			buildRules = (
			);
			dependencies = (
				8CE04FBB1C043C5100B90926 /* PBXTargetDependency */,
			);
			name = scaleUITests;
			productName = scaleUITests;
			productReference = 8CE04FB91C043C5100B90926 /* scaleUITests.xctest */;
			productType = "com.apple.product-type.bundle.ui-testing";
		};
/* End PBXNativeTarget section */

/* Begin PBXProject section */
		8CE04F8D1C043C5100B90926 /* Project object */ = {
			isa = PBXProject;
			attributes = {
				LastUpgradeCheck = 0710;
				ORGANIZATIONNAME = "李婷";
				TargetAttributes = {
					8CE04F941C043C5100B90926 = {
						CreatedOnToolsVersion = 7.1;
					};
					8CE04FAD1C043C5100B90926 = {
						CreatedOnToolsVersion = 7.1;
						TestTargetID = 8CE04F941C043C5100B90926;
					};
					8CE04FB81C043C5100B90926 = {
						CreatedOnToolsVersion = 7.1;
						TestTargetID = 8CE04F941C043C5100B90926;
					};
				};
			};
			buildConfigurationList = 8CE04F901C043C5100B90926 /* Build configuration list for PBXProject "scale" */;
			compatibilityVersion = "Xcode 3.2";
			developmentRegion = English;
			hasScannedForEncodings = 0;
			knownRegions = (
				en,
				Base,
			);
			mainGroup = 8CE04F8C1C043C5100B90926;
			productRefGroup = 8CE04F961C043C5100B90926 /* Products */;
			projectDirPath = "";
			projectRoot = "";
			targets = (
				8CE04F941C043C5100B90926 /* scale */,
				8CE04FAD1C043C5100B90926 /* scaleTests */,
				8CE04FB81C043C5100B90926 /* scaleUITests */,
			);
		};
/* End PBXProject section */

/* Begin PBXResourcesBuildPhase section */
		8CE04F931C043C5100B90926 /* Resources */ = {
			isa = PBXResourcesBuildPhase;
			buildActionMask = 2147483647;
			files = (
				8CE04FA81C043C5100B90926 /* LaunchScreen.storyboard in Resources */,
				8CE04FA51C043C5100B90926 /* Assets.xcassets in Resources */,
				8C16136A1C1ED71500C9E0AE /* bloodSuger_temp_red.png in Resources */,
				8CE04FCC1C04417000B90926 /* Curve_valueBg.png in Resources */,
				8CE04FA31C043C5100B90926 /* Main.storyboard in Resources */,
				8C10287A1C1EE2120010A8FA /* dot_red.png in Resources */,
			);
			runOnlyForDeploymentPostprocessing = 0;
		};
		8CE04FAC1C043C5100B90926 /* Resources */ = {
			isa = PBXResourcesBuildPhase;
			buildActionMask = 2147483647;
			files = (
			);
			runOnlyForDeploymentPostprocessing = 0;
		};
		8CE04FB71C043C5100B90926 /* Resources */ = {
			isa = PBXResourcesBuildPhase;
			buildActionMask = 2147483647;
			files = (
			);
			runOnlyForDeploymentPostprocessing = 0;
		};
/* End PBXResourcesBuildPhase section */

/* Begin PBXShellScriptBuildPhase section */
		3555C63A154A134C8A96CE32 /* Embed Pods Frameworks */ = {
			isa = PBXShellScriptBuildPhase;
			buildActionMask = 2147483647;
			files = (
			);
			inputPaths = (
			);
			name = "Embed Pods Frameworks";
			outputPaths = (
			);
			runOnlyForDeploymentPostprocessing = 0;
			shellPath = /bin/sh;
			shellScript = "\"${SRCROOT}/Pods/Target Support Files/Pods/Pods-frameworks.sh\"\n";
			showEnvVarsInLog = 0;
		};
		7372EE887F9A09ABAC590BEC /* Check Pods Manifest.lock */ = {
			isa = PBXShellScriptBuildPhase;
			buildActionMask = 2147483647;
			files = (
			);
			inputPaths = (
			);
			name = "Check Pods Manifest.lock";
			outputPaths = (
			);
			runOnlyForDeploymentPostprocessing = 0;
			shellPath = /bin/sh;
			shellScript = "diff \"${PODS_ROOT}/../Podfile.lock\" \"${PODS_ROOT}/Manifest.lock\" > /dev/null\nif [[ $? != 0 ]] ; then\n    cat << EOM\nerror: The sandbox is not in sync with the Podfile.lock. Run 'pod install' or update your CocoaPods installation.\nEOM\n    exit 1\nfi\n";
			showEnvVarsInLog = 0;
		};
		B033BB95A08A77AB9B109635 /* Copy Pods Resources */ = {
			isa = PBXShellScriptBuildPhase;
			buildActionMask = 2147483647;
			files = (
			);
			inputPaths = (
			);
			name = "Copy Pods Resources";
			outputPaths = (
			);
			runOnlyForDeploymentPostprocessing = 0;
			shellPath = /bin/sh;
			shellScript = "\"${SRCROOT}/Pods/Target Support Files/Pods/Pods-resources.sh\"\n";
			showEnvVarsInLog = 0;
		};
/* End PBXShellScriptBuildPhase section */

/* Begin PBXSourcesBuildPhase section */
		8CE04F911C043C5100B90926 /* Sources */ = {
			isa = PBXSourcesBuildPhase;
			buildActionMask = 2147483647;
			files = (
				8CE04FA01C043C5100B90926 /* ViewController.m in Sources */,
				8CE04F9D1C043C5100B90926 /* AppDelegate.m in Sources */,
				8CE04F9A1C043C5100B90926 /* main.m in Sources */,
			);
			runOnlyForDeploymentPostprocessing = 0;
		};
		8CE04FAA1C043C5100B90926 /* Sources */ = {
			isa = PBXSourcesBuildPhase;
			buildActionMask = 2147483647;
			files = (
				8CE04FB31C043C5100B90926 /* scaleTests.m in Sources */,
			);
			runOnlyForDeploymentPostprocessing = 0;
		};
		8CE04FB51C043C5100B90926 /* Sources */ = {
			isa = PBXSourcesBuildPhase;
			buildActionMask = 2147483647;
			files = (
				8CE04FBE1C043C5100B90926 /* scaleUITests.m in Sources */,
			);
			runOnlyForDeploymentPostprocessing = 0;
		};
/* End PBXSourcesBuildPhase section */

/* Begin PBXTargetDependency section */
		8CE04FB01C043C5100B90926 /* PBXTargetDependency */ = {
			isa = PBXTargetDependency;
			target = 8CE04F941C043C5100B90926 /* scale */;
			targetProxy = 8CE04FAF1C043C5100B90926 /* PBXContainerItemProxy */;
		};
		8CE04FBB1C043C5100B90926 /* PBXTargetDependency */ = {
			isa = PBXTargetDependency;
			target = 8CE04F941C043C5100B90926 /* scale */;
			targetProxy = 8CE04FBA1C043C5100B90926 /* PBXContainerItemProxy */;
		};
/* End PBXTargetDependency section */

/* Begin PBXVariantGroup section */
		8CE04FA11C043C5100B90926 /* Main.storyboard */ = {
			isa = PBXVariantGroup;
			children = (
				8CE04FA21C043C5100B90926 /* Base */,
			);
			name = Main.storyboard;
			sourceTree = "<group>";
		};
		8CE04FA61C043C5100B90926 /* LaunchScreen.storyboard */ = {
			isa = PBXVariantGroup;
			children = (
				8CE04FA71C043C5100B90926 /* Base */,
			);
			name = LaunchScreen.storyboard;
			sourceTree = "<group>";
		};
/* End PBXVariantGroup section */

/* Begin XCBuildConfiguration section */
		8CE04FC01C043C5100B90926 /* Debug */ = {
			isa = XCBuildConfiguration;
			buildSettings = {
				ALWAYS_SEARCH_USER_PATHS = NO;
				CLANG_CXX_LANGUAGE_STANDARD = "gnu++0x";
				CLANG_CXX_LIBRARY = "libc++";
				CLANG_ENABLE_MODULES = YES;
				CLANG_ENABLE_OBJC_ARC = YES;
				CLANG_WARN_BOOL_CONVERSION = YES;
				CLANG_WARN_CONSTANT_CONVERSION = YES;
				CLANG_WARN_DIRECT_OBJC_ISA_USAGE = YES_ERROR;
				CLANG_WARN_EMPTY_BODY = YES;
				CLANG_WARN_ENUM_CONVERSION = YES;
				CLANG_WARN_INT_CONVERSION = YES;
				CLANG_WARN_OBJC_ROOT_CLASS = YES_ERROR;
				CLANG_WARN_UNREACHABLE_CODE = YES;
				CLANG_WARN__DUPLICATE_METHOD_MATCH = YES;
				"CODE_SIGN_IDENTITY[sdk=iphoneos*]" = "iPhone Developer";
				COPY_PHASE_STRIP = NO;
				DEBUG_INFORMATION_FORMAT = dwarf;
				ENABLE_STRICT_OBJC_MSGSEND = YES;
				ENABLE_TESTABILITY = YES;
				GCC_C_LANGUAGE_STANDARD = gnu99;
				GCC_DYNAMIC_NO_PIC = NO;
				GCC_NO_COMMON_BLOCKS = YES;
				GCC_OPTIMIZATION_LEVEL = 0;
				GCC_PREPROCESSOR_DEFINITIONS = (
					"DEBUG=1",
					"$(inherited)",
				);
				GCC_WARN_64_TO_32_BIT_CONVERSION = YES;
				GCC_WARN_ABOUT_RETURN_TYPE = YES_ERROR;
				GCC_WARN_UNDECLARED_SELECTOR = YES;
				GCC_WARN_UNINITIALIZED_AUTOS = YES_AGGRESSIVE;
				GCC_WARN_UNUSED_FUNCTION = YES;
				GCC_WARN_UNUSED_VARIABLE = YES;
				IPHONEOS_DEPLOYMENT_TARGET = 9.1;
				MTL_ENABLE_DEBUG_INFO = YES;
				ONLY_ACTIVE_ARCH = YES;
				SDKROOT = iphoneos;
				TARGETED_DEVICE_FAMILY = "1,2";
			};
			name = Debug;
		};
		8CE04FC11C043C5100B90926 /* Release */ = {
			isa = XCBuildConfiguration;
			buildSettings = {
				ALWAYS_SEARCH_USER_PATHS = NO;
				CLANG_CXX_LANGUAGE_STANDARD = "gnu++0x";
				CLANG_CXX_LIBRARY = "libc++";
				CLANG_ENABLE_MODULES = YES;
				CLANG_ENABLE_OBJC_ARC = YES;
				CLANG_WARN_BOOL_CONVERSION = YES;
				CLANG_WARN_CONSTANT_CONVERSION = YES;
				CLANG_WARN_DIRECT_OBJC_ISA_USAGE = YES_ERROR;
				CLANG_WARN_EMPTY_BODY = YES;
				CLANG_WARN_ENUM_CONVERSION = YES;
				CLANG_WARN_INT_CONVERSION = YES;
				CLANG_WARN_OBJC_ROOT_CLASS = YES_ERROR;
				CLANG_WARN_UNREACHABLE_CODE = YES;
				CLANG_WARN__DUPLICATE_METHOD_MATCH = YES;
				"CODE_SIGN_IDENTITY[sdk=iphoneos*]" = "iPhone Developer";
				COPY_PHASE_STRIP = NO;
				DEBUG_INFORMATION_FORMAT = "dwarf-with-dsym";
				ENABLE_NS_ASSERTIONS = NO;
				ENABLE_STRICT_OBJC_MSGSEND = YES;
				GCC_C_LANGUAGE_STANDARD = gnu99;
				GCC_NO_COMMON_BLOCKS = YES;
				GCC_WARN_64_TO_32_BIT_CONVERSION = YES;
				GCC_WARN_ABOUT_RETURN_TYPE = YES_ERROR;
				GCC_WARN_UNDECLARED_SELECTOR = YES;
				GCC_WARN_UNINITIALIZED_AUTOS = YES_AGGRESSIVE;
				GCC_WARN_UNUSED_FUNCTION = YES;
				GCC_WARN_UNUSED_VARIABLE = YES;
				IPHONEOS_DEPLOYMENT_TARGET = 9.1;
				MTL_ENABLE_DEBUG_INFO = NO;
				SDKROOT = iphoneos;
				TARGETED_DEVICE_FAMILY = "1,2";
				VALIDATE_PRODUCT = YES;
			};
			name = Release;
		};
		8CE04FC31C043C5100B90926 /* Debug */ = {
			isa = XCBuildConfiguration;
			baseConfigurationReference = A29954479A4BB55C46554A74 /* Pods.debug.xcconfig */;
			buildSettings = {
				ASSETCATALOG_COMPILER_APPICON_NAME = AppIcon;
				INFOPLIST_FILE = scale/Info.plist;
				LD_RUNPATH_SEARCH_PATHS = "$(inherited) @executable_path/Frameworks";
				PRODUCT_BUNDLE_IDENTIFIER = "taiyi-tech.com.scale";
				PRODUCT_NAME = "$(TARGET_NAME)";
			};
			name = Debug;
		};
		8CE04FC41C043C5100B90926 /* Release */ = {
			isa = XCBuildConfiguration;
			baseConfigurationReference = 06B51662C8A1CC91CC529CD1 /* Pods.release.xcconfig */;
			buildSettings = {
				ASSETCATALOG_COMPILER_APPICON_NAME = AppIcon;
				INFOPLIST_FILE = scale/Info.plist;
				LD_RUNPATH_SEARCH_PATHS = "$(inherited) @executable_path/Frameworks";
				PRODUCT_BUNDLE_IDENTIFIER = "taiyi-tech.com.scale";
				PRODUCT_NAME = "$(TARGET_NAME)";
			};
			name = Release;
		};
		8CE04FC61C043C5100B90926 /* Debug */ = {
			isa = XCBuildConfiguration;
			buildSettings = {
				BUNDLE_LOADER = "$(TEST_HOST)";
				INFOPLIST_FILE = scaleTests/Info.plist;
				LD_RUNPATH_SEARCH_PATHS = "$(inherited) @executable_path/Frameworks @loader_path/Frameworks";
				PRODUCT_BUNDLE_IDENTIFIER = "taiyi-tech.com.scaleTests";
				PRODUCT_NAME = "$(TARGET_NAME)";
				TEST_HOST = "$(BUILT_PRODUCTS_DIR)/scale.app/scale";
			};
			name = Debug;
		};
		8CE04FC71C043C5100B90926 /* Release */ = {
			isa = XCBuildConfiguration;
			buildSettings = {
				BUNDLE_LOADER = "$(TEST_HOST)";
				INFOPLIST_FILE = scaleTests/Info.plist;
				LD_RUNPATH_SEARCH_PATHS = "$(inherited) @executable_path/Frameworks @loader_path/Frameworks";
				PRODUCT_BUNDLE_IDENTIFIER = "taiyi-tech.com.scaleTests";
				PRODUCT_NAME = "$(TARGET_NAME)";
				TEST_HOST = "$(BUILT_PRODUCTS_DIR)/scale.app/scale";
			};
			name = Release;
		};
		8CE04FC91C043C5100B90926 /* Debug */ = {
			isa = XCBuildConfiguration;
			buildSettings = {
				INFOPLIST_FILE = scaleUITests/Info.plist;
				LD_RUNPATH_SEARCH_PATHS = "$(inherited) @executable_path/Frameworks @loader_path/Frameworks";
				PRODUCT_BUNDLE_IDENTIFIER = "taiyi-tech.com.scaleUITests";
				PRODUCT_NAME = "$(TARGET_NAME)";
				TEST_TARGET_NAME = scale;
				USES_XCTRUNNER = YES;
			};
			name = Debug;
		};
		8CE04FCA1C043C5100B90926 /* Release */ = {
			isa = XCBuildConfiguration;
			buildSettings = {
				INFOPLIST_FILE = scaleUITests/Info.plist;
				LD_RUNPATH_SEARCH_PATHS = "$(inherited) @executable_path/Frameworks @loader_path/Frameworks";
				PRODUCT_BUNDLE_IDENTIFIER = "taiyi-tech.com.scaleUITests";
				PRODUCT_NAME = "$(TARGET_NAME)";
				TEST_TARGET_NAME = scale;
				USES_XCTRUNNER = YES;
			};
			name = Release;
		};
/* End XCBuildConfiguration section */

/* Begin XCConfigurationList section */
		8CE04F901C043C5100B90926 /* Build configuration list for PBXProject "scale" */ = {
			isa = XCConfigurationList;
			buildConfigurations = (
				8CE04FC01C043C5100B90926 /* Debug */,
				8CE04FC11C043C5100B90926 /* Release */,
			);
			defaultConfigurationIsVisible = 0;
			defaultConfigurationName = Release;
		};
		8CE04FC21C043C5100B90926 /* Build configuration list for PBXNativeTarget "scale" */ = {
			isa = XCConfigurationList;
			buildConfigurations = (
				8CE04FC31C043C5100B90926 /* Debug */,
				8CE04FC41C043C5100B90926 /* Release */,
			);
			defaultConfigurationIsVisible = 0;
			defaultConfigurationName = Release;
		};
		8CE04FC51C043C5100B90926 /* Build configuration list for PBXNativeTarget "scaleTests" */ = {
			isa = XCConfigurationList;
			buildConfigurations = (
				8CE04FC61C043C5100B90926 /* Debug */,
				8CE04FC71C043C5100B90926 /* Release */,
			);
			defaultConfigurationIsVisible = 0;
			defaultConfigurationName = Release;
		};
		8CE04FC81C043C5100B90926 /* Build configuration list for PBXNativeTarget "scaleUITests" */ = {
			isa = XCConfigurationList;
			buildConfigurations = (
				8CE04FC91C043C5100B90926 /* Debug */,
				8CE04FCA1C043C5100B90926 /* Release */,
			);
			defaultConfigurationIsVisible = 0;
			defaultConfigurationName = Release;
		};
/* End XCConfigurationList section */
	};
	rootObject = 8CE04F8D1C043C5100B90926 /* Project object */;
}
